
Microsoft Visual Studio Solution File, Format Version 12.00
# Visual Studio Version 17
VisualStudioVersion = 17.12.35527.113
MinimumVisualStudioVersion = 10.0.40219.1
Project("{FAE04EC0-301F-11D3-BF4B-00C04F79EFBC}") = "SignalRApi", "SignalRApi\SignalRApi.csproj", "{CE2DCDF9-088F-4494-A741-C0650C794108}"
EndProject
Project("{FAE04EC0-301F-11D3-BF4B-00C04F79EFBC}") = "SignalRWebUI", "SignalRWebUI\SignalRWebUI.csproj", "{5236F97E-EFC2-4219-8216-526183B65248}"
EndProject
Project("{FAE04EC0-301F-11D3-BF4B-00C04F79EFBC}") = "SignalR.EntityLayer", "SignalREntityLayer\SignalR.EntityLayer.csproj", "{15E18DB6-CE6F-4F30-A84D-DA6F972B08FE}"
EndProject
Project("{FAE04EC0-301F-11D3-BF4B-00C04F79EFBC}") = "SignalR.DataAccessLayer", "SignalR.DataAccessLayer\SignalR.DataAccessLayer.csproj", "{E6BC25B3-767A-4A64-A5DE-7F682D2C3B90}"
EndProject
Project("{FAE04EC0-301F-11D3-BF4B-00C04F79EFBC}") = "SignalR.DtoLayer", "SignalR.DtoLayer\SignalR.DtoLayer.csproj", "{76FBD232-5C16-4008-9616-F674096282B5}"
EndProject
Project("{FAE04EC0-301F-11D3-BF4B-00C04F79EFBC}") = "SignalR.BusinessLayer", "SignalR.BusinessLayer\SignalR.BusinessLayer.csproj", "{BF81D8D5-C16D-4200-A284-94E80F227F8A}"
EndProject
Project("{2150E333-8FDC-42A3-9474-1A3956D46DE8}") = "Solution Items", "Solution Items", "{EDD22C02-8AE1-454A-82C3-C3C4B2FAF1B6}"
	ProjectSection(SolutionItems) = preProject
		.gitignore = .gitignore
	EndProjectSection
EndProject
Global
	GlobalSection(SolutionConfigurationPlatforms) = preSolution
		Debug|Any CPU = Debug|Any CPU
		Release|Any CPU = Release|Any CPU
	EndGlobalSection
	GlobalSection(ProjectConfigurationPlatforms) = postSolution
		{CE2DCDF9-088F-4494-A741-C0650C794108}.Debug|Any CPU.ActiveCfg = Debug|Any CPU
		{CE2DCDF9-088F-4494-A741-C0650C794108}.Debug|Any CPU.Build.0 = Debug|Any CPU
		{CE2DCDF9-088F-4494-A741-C0650C794108}.Release|Any CPU.ActiveCfg = Release|Any CPU
		{CE2DCDF9-088F-4494-A741-C0650C794108}.Release|Any CPU.Build.0 = Release|Any CPU
		{5236F97E-EFC2-4219-8216-526183B65248}.Debug|Any CPU.ActiveCfg = Debug|Any CPU
		{5236F97E-EFC2-4219-8216-526183B65248}.Debug|Any CPU.Build.0 = Debug|Any CPU
		{5236F97E-EFC2-4219-8216-526183B65248}.Release|Any CPU.ActiveCfg = Release|Any CPU
		{5236F97E-EFC2-4219-8216-526183B65248}.Release|Any CPU.Build.0 = Release|Any CPU
		{15E18DB6-CE6F-4F30-A84D-DA6F972B08FE}.Debug|Any CPU.ActiveCfg = Debug|Any CPU
		{15E18DB6-CE6F-4F30-A84D-DA6F972B08FE}.Debug|Any CPU.Build.0 = Debug|Any CPU
		{15E18DB6-CE6F-4F30-A84D-DA6F972B08FE}.Release|Any CPU.ActiveCfg = Release|Any CPU
		{15E18DB6-CE6F-4F30-A84D-DA6F972B08FE}.Release|Any CPU.Build.0 = Release|Any CPU
		{E6BC25B3-767A-4A64-A5DE-7F682D2C3B90}.Debug|Any CPU.ActiveCfg = Debug|Any CPU
		{E6BC25B3-767A-4A64-A5DE-7F682D2C3B90}.Debug|Any CPU.Build.0 = Debug|Any CPU
		{E6BC25B3-767A-4A64-A5DE-7F682D2C3B90}.Release|Any CPU.ActiveCfg = Release|Any CPU
		{E6BC25B3-767A-4A64-A5DE-7F682D2C3B90}.Release|Any CPU.Build.0 = Release|Any CPU
		{76FBD232-5C16-4008-9616-F674096282B5}.Debug|Any CPU.ActiveCfg = Debug|Any CPU
		{76FBD232-5C16-4008-9616-F674096282B5}.Debug|Any CPU.Build.0 = Debug|Any CPU
		{76FBD232-5C16-4008-9616-F674096282B5}.Release|Any CPU.ActiveCfg = Release|Any CPU
		{76FBD232-5C16-4008-9616-F674096282B5}.Release|Any CPU.Build.0 = Release|Any CPU
		{BF81D8D5-C16D-4200-A284-94E80F227F8A}.Debug|Any CPU.ActiveCfg = Debug|Any CPU
		{BF81D8D5-C16D-4200-A284-94E80F227F8A}.Debug|Any CPU.Build.0 = Debug|Any CPU
		{BF81D8D5-C16D-4200-A284-94E80F227F8A}.Release|Any CPU.ActiveCfg = Release|Any CPU
		{BF81D8D5-C16D-4200-A284-94E80F227F8A}.Release|Any CPU.Build.0 = Release|Any CPU
	EndGlobalSection
	GlobalSection(SolutionProperties) = preSolution
		HideSolutionNode = FALSE
	EndGlobalSection
EndGlobal
